
Microsoft Visual Studio Solution File, Format Version 11.00
# Visual Studio 2010
Project("{FAE04EC0-301F-11D3-BF4B-00C04F79EFBC}") = "PracticaProfesional1", "PracticaProfesional1\PracticaProfesional1.csproj", "{C6ABDB7D-8B44-472A-913D-AC29F04580E9}"
EndProject
Global
	GlobalSection(SolutionConfigurationPlatforms) = preSolution
		Debug|Any CPU = Debug|Any CPU
		Release|Any CPU = Release|Any CPU
	EndGlobalSection
	GlobalSection(ProjectConfigurationPlatforms) = postSolution
		{C6ABDB7D-8B44-472A-913D-AC29F04580E9}.Debug|Any CPU.ActiveCfg = Debug|Any CPU
		{C6ABDB7D-8B44-472A-913D-AC29F04580E9}.Debug|Any CPU.Build.0 = Debug|Any CPU
		{C6ABDB7D-8B44-472A-913D-AC29F04580E9}.Release|Any CPU.ActiveCfg = Release|Any CPU
		{C6ABDB7D-8B44-472A-913D-AC29F04580E9}.Release|Any CPU.Build.0 = Release|Any CPU
	EndGlobalSection
	GlobalSection(SolutionProperties) = preSolution
		HideSolutionNode = FALSE
	EndGlobalSection
EndGlobal
